
Microsoft Visual Studio Solution File, Format Version 12.00
# Visual Studio Version 16
VisualStudioVersion = 16.0.31613.86
MinimumVisualStudioVersion = 10.0.40219.1
Project("{FAE04EC0-301F-11D3-BF4B-00C04F79EFBC}") = "ForLoopDebug", "ForLoopDebug.csproj", "{3609A91C-116A-4AD7-9D25-FE7936C5C140}"
EndProject
Global
	GlobalSection(SolutionConfigurationPlatforms) = preSolution
		Debug|Any CPU = Debug|Any CPU
		Release|Any CPU = Release|Any CPU
	EndGlobalSection
	GlobalSection(ProjectConfigurationPlatforms) = postSolution
		{3609A91C-116A-4AD7-9D25-FE7936C5C140}.Debug|Any CPU.ActiveCfg = Debug|Any CPU
		{3609A91C-116A-4AD7-9D25-FE7936C5C140}.Debug|Any CPU.Build.0 = Debug|Any CPU
		{3609A91C-116A-4AD7-9D25-FE7936C5C140}.Release|Any CPU.ActiveCfg = Release|Any CPU
		{3609A91C-116A-4AD7-9D25-FE7936C5C140}.Release|Any CPU.Build.0 = Release|Any CPU
	EndGlobalSection
	GlobalSection(SolutionProperties) = preSolution
		HideSolutionNode = FALSE
	EndGlobalSection
	GlobalSection(ExtensibilityGlobals) = postSolution
		SolutionGuid = {318E86C8-65A3-470A-8BB1-80C062B5A9D0}
	EndGlobalSection
EndGlobal
